<?xml version="1.0" encoding="utf-8"?>
<Project ToolsVersion="4.0" xmlns="http://schemas.microsoft.com/developer/msbuild/2003">
  <ItemGroup>
    <Filter Include="소스 파일">
      <UniqueIdentifier>{4FC737F1-C7A5-4376-A066-2A32D752A2FF}</UniqueIdentifier>
      <Extensions>cpp;c;cc;cxx;def;odl;idl;hpj;bat;asm;asmx</Extensions>
    </Filter>
    <Filter Include="헤더 파일">
      <UniqueIdentifier>{93995380-89BD-4b04-88EB-625FBE52EBFB}</UniqueIdentifier>
      <Extensions>h;hh;hpp;hxx;hm;inl;inc;ipp;xsd</Extensions>
    </Filter>
    <Filter Include="리소스 파일">
      <UniqueIdentifier>{67DA6AB6-F800-4c08-8B7A-83BB121AAD01}</UniqueIdentifier>
      <Extensions>rc;ico;cur;bmp;dlg;rc2;rct;bin;rgs;gif;jpg;jpeg;jpe;resx;tiff;tif;png;wav;mfcribbon-ms</Extensions>
    </Filter>
    <Filter Include="소스 파일\Basic">
      <UniqueIdentifier>{4ecec670-813a-4a3f-ba12-e4b7e3cfdcd8}</UniqueIdentifier>
    </Filter>
    <Filter Include="헤더 파일\Basic">
      <UniqueIdentifier>{d67d9c01-318a-4cda-93e9-9b6c54304957}</UniqueIdentifier>
    </Filter>
    <Filter Include="소스 파일\Utility">
      <UniqueIdentifier>{68346f26-fe4d-40fe-b419-25a1cb5ff70e}</UniqueIdentifier>
    </Filter>
    <Filter Include="헤더 파일\Utility">
      <UniqueIdentifier>{6eb25922-e0d9-4860-9222-fe1e8643c237}</UniqueIdentifier>
    </Filter>
    <Filter Include="헤더 파일\RenderingPipeline">
      <UniqueIdentifier>{150f62a4-a9b7-4b90-b255-2d2f91769c2a}</UniqueIdentifier>
    </Filter>
    <Filter Include="소스 파일\RenderingPipeline">
      <UniqueIdentifier>{1b5477bd-6ea8-400a-a630-aa9828ffe48a}</UniqueIdentifier>
    </Filter>
  </ItemGroup>
  <ItemGroup>
    <ClInclude Include="Engine.h">
      <Filter>헤더 파일</Filter>
    </ClInclude>
    <ClInclude Include="World.h">
      <Filter>헤더 파일</Filter>
    </ClInclude>
    <ClInclude Include="DirectInput.h">
      <Filter>헤더 파일\Basic</Filter>
    </ClInclude>
    <ClInclude Include="Device.h">
      <Filter>헤더 파일\Basic</Filter>
    </ClInclude>
    <ClInclude Include="Direct2D.h">
      <Filter>헤더 파일\Basic</Filter>
    </ClInclude>
    <ClInclude Include="WindowClass.h">
      <Filter>헤더 파일\Basic</Filter>
    </ClInclude>
    <ClInclude Include="EngineShared.h">
      <Filter>헤더 파일\Basic</Filter>
    </ClInclude>
    <ClInclude Include="EnginePCH.h">
      <Filter>헤더 파일\Basic</Filter>
    </ClInclude>
    <ClInclude Include="d3dUtil.h">
      <Filter>헤더 파일\Utility</Filter>
    </ClInclude>
    <ClInclude Include="MathHelper.h">
      <Filter>헤더 파일\Utility</Filter>
    </ClInclude>
    <ClInclude Include="Timing.h">
      <Filter>헤더 파일\Utility</Filter>
    </ClInclude>
    <ClInclude Include="Vertex.h">
      <Filter>헤더 파일\RenderingPipeline</Filter>
    </ClInclude>
    <ClInclude Include="Pipelinestate.h">
      <Filter>헤더 파일\RenderingPipeline</Filter>
    </ClInclude>
    <ClInclude Include="Object.h">
      <Filter>헤더 파일</Filter>
    </ClInclude>
    <ClInclude Include="Actor.h">
      <Filter>헤더 파일</Filter>
    </ClInclude>
    <ClInclude Include="Component.h">
      <Filter>헤더 파일</Filter>
    </ClInclude>
    <ClInclude Include="ActorComponent.h">
      <Filter>헤더 파일</Filter>
    </ClInclude>
    <ClInclude Include="SceneComponent.h">
      <Filter>헤더 파일</Filter>
    </ClInclude>
    <ClInclude Include="FrameResource.h">
      <Filter>헤더 파일</Filter>
    </ClInclude>
  </ItemGroup>
  <ItemGroup>
    <ClCompile Include="Main.cpp">
      <Filter>소스 파일</Filter>
    </ClCompile>
    <ClCompile Include="Engine.cpp">
      <Filter>소스 파일</Filter>
    </ClCompile>
    <ClCompile Include="World.cpp">
      <Filter>소스 파일</Filter>
    </ClCompile>
    <ClCompile Include="DirectInput.cpp">
      <Filter>소스 파일\Basic</Filter>
    </ClCompile>
    <ClCompile Include="Device.cpp">
      <Filter>소스 파일\Basic</Filter>
    </ClCompile>
    <ClCompile Include="Direct2D.cpp">
      <Filter>소스 파일\Basic</Filter>
    </ClCompile>
    <ClCompile Include="WindowClass.cpp">
      <Filter>소스 파일\Basic</Filter>
    </ClCompile>
    <ClCompile Include="Timing.cpp">
      <Filter>소스 파일\Utility</Filter>
    </ClCompile>
    <ClCompile Include="d3dUtil.cpp">
      <Filter>소스 파일\Utility</Filter>
    </ClCompile>
    <ClCompile Include="SceneComponent.cpp">
      <Filter>소스 파일</Filter>
    </ClCompile>
  </ItemGroup>
</Project>