
Microsoft Visual Studio Solution File, Format Version 12.00
# Visual Studio Version 16
VisualStudioVersion = 16.0.29230.47
MinimumVisualStudioVersion = 10.0.40219.1
Project("{8BC9CEB8-8B4A-11D0-8D11-00A0C91BC942}") = "Socket_Basic", "Socket_Basic\Socket_Basic.vcxproj", "{19349654-4425-4453-8FEF-AAF264D16E98}"
EndProject
Project("{2150E333-8FDC-42A3-9474-1A3956D46DE8}") = "Chapter_03", "Chapter_03", "{D2AFFDF0-17DA-4062-9808-8F80F7AC13BA}"
EndProject
Project("{8BC9CEB8-8B4A-11D0-8D11-00A0C91BC942}") = "Basic_Server", "Basic_Server\Basic_Server.vcxproj", "{8137E3FB-9608-4582-B394-58A31383E9E6}"
	ProjectSection(ProjectDependencies) = postProject
		{19349654-4425-4453-8FEF-AAF264D16E98} = {19349654-4425-4453-8FEF-AAF264D16E98}
	EndProjectSection
EndProject
Project("{8BC9CEB8-8B4A-11D0-8D11-00A0C91BC942}") = "Basic_echo_client", "Basic_echo_client\Basic_echo_client.vcxproj", "{248DEE51-F682-4C44-AE99-FE961557C03B}"
EndProject
Project("{2150E333-8FDC-42A3-9474-1A3956D46DE8}") = "0_Note", "0_Note", "{DA50EA06-4D19-4524-8879-ED5585620186}"
EndProject
Project("{8BC9CEB8-8B4A-11D0-8D11-00A0C91BC942}") = "Vector_Erase", "Vector_Erase\Vector_Erase.vcxproj", "{86643BB5-EAD7-4394-8CED-359CC60EB670}"
EndProject
Project("{8BC9CEB8-8B4A-11D0-8D11-00A0C91BC942}") = "Broadcast_Server", "Broadcast_Server\Broadcast_Server.vcxproj", "{2728DB87-0583-49A2-859A-4FF50C89A1A4}"
EndProject
Project("{8BC9CEB8-8B4A-11D0-8D11-00A0C91BC942}") = "Byteswap", "Byteswap\Byteswap.vcxproj", "{C0FEAB29-FDB5-4BB9-AD36-76CEAD0931F3}"
EndProject
Project("{2150E333-8FDC-42A3-9474-1A3956D46DE8}") = "Chapter_04", "Chapter_04", "{E036D1E8-DA24-4DA1-A324-F4D3CBB72B7C}"
EndProject
Project("{8BC9CEB8-8B4A-11D0-8D11-00A0C91BC942}") = "MemoryStream", "MemoryStream\MemoryStream.vcxproj", "{EFC5669F-211E-4673-9831-E7FC39CE5FE1}"
	ProjectSection(ProjectDependencies) = postProject
		{19349654-4425-4453-8FEF-AAF264D16E98} = {19349654-4425-4453-8FEF-AAF264D16E98}
	EndProjectSection
EndProject
Project("{8BC9CEB8-8B4A-11D0-8D11-00A0C91BC942}") = "Stream_Server", "Stream_Server\Stream_Server.vcxproj", "{2AE2748E-3AE1-434E-8848-66337785165B}"
	ProjectSection(ProjectDependencies) = postProject
		{EFC5669F-211E-4673-9831-E7FC39CE5FE1} = {EFC5669F-211E-4673-9831-E7FC39CE5FE1}
	EndProjectSection
EndProject
Project("{8BC9CEB8-8B4A-11D0-8D11-00A0C91BC942}") = "Stream_Client", "Stream_Client\Stream_Client.vcxproj", "{C5F6ED9D-402C-4908-9E02-4B54D948ACA2}"
	ProjectSection(ProjectDependencies) = postProject
		{EFC5669F-211E-4673-9831-E7FC39CE5FE1} = {EFC5669F-211E-4673-9831-E7FC39CE5FE1}
	EndProjectSection
EndProject
Project("{8BC9CEB8-8B4A-11D0-8D11-00A0C91BC942}") = "Constexpr", "Constexpr\Constexpr.vcxproj", "{F3707A57-C0C9-4F64-A55F-724C3B87F411}"
EndProject
Project("{8BC9CEB8-8B4A-11D0-8D11-00A0C91BC942}") = "ConstTest", "ConstTest\ConstTest.vcxproj", "{552F8518-38C3-43F7-8377-22A241A05E4A}"
EndProject
Project("{8BC9CEB8-8B4A-11D0-8D11-00A0C91BC942}") = "ClassOffset", "ClassOffset\ClassOffset.vcxproj", "{1F34B5C8-E096-40AF-A2DF-B0758AFA6B31}"
EndProject
Project("{2150E333-8FDC-42A3-9474-1A3956D46DE8}") = "Chapter_05", "Chapter_05", "{6E882DCE-780F-4E99-8E06-3CA9B20F9889}"
EndProject
Project("{8BC9CEB8-8B4A-11D0-8D11-00A0C91BC942}") = "Replication", "Replication\Replication.vcxproj", "{39E11A62-CCFE-45A7-8B54-38E9F8C2439B}"
	ProjectSection(ProjectDependencies) = postProject
		{EFC5669F-211E-4673-9831-E7FC39CE5FE1} = {EFC5669F-211E-4673-9831-E7FC39CE5FE1}
	EndProjectSection
EndProject
Project("{8BC9CEB8-8B4A-11D0-8D11-00A0C91BC942}") = "InheritanceStatic", "InheritanceStatic\InheritanceStatic.vcxproj", "{6DF27EB0-D822-44E1-81B9-57AE6079FCF2}"
EndProject
Project("{2150E333-8FDC-42A3-9474-1A3956D46DE8}") = "Chapter_06", "Chapter_06", "{0D291B0B-4204-4E11-BA23-2B37A528C28E}"
EndProject
Project("{8BC9CEB8-8B4A-11D0-8D11-00A0C91BC942}") = "RotocatAction", "RotocatAction\RotocatAction.vcxproj", "{87CC3D2C-94B7-4BE0-8BF6-8ABCC2698FE1}"
EndProject
Project("{8BC9CEB8-8B4A-11D0-8D11-00A0C91BC942}") = "Chrono", "Chrono\Chrono.vcxproj", "{B2FFFA00-1C96-40C2-ACB0-C74FAA062B29}"
EndProject
Project("{2150E333-8FDC-42A3-9474-1A3956D46DE8}") = "DirectX11", "DirectX11", "{2D86BA7F-7E79-4107-9821-8A97D39D5A95}"
EndProject
Project("{8BC9CEB8-8B4A-11D0-8D11-00A0C91BC942}") = "00_Window", "Window\Window.vcxproj", "{E83AFD3A-1F81-4E53-BFFB-10F1B0E9F05F}"
EndProject
Project("{8BC9CEB8-8B4A-11D0-8D11-00A0C91BC942}") = "01_Device", "Device\Device.vcxproj", "{5113D7AF-195C-4AF5-BA15-4E528AFE6475}"
EndProject
Project("{8BC9CEB8-8B4A-11D0-8D11-00A0C91BC942}") = "InitializerList", "InitializerList\InitializerList.vcxproj", "{9B551C83-F541-4B91-BA6C-FC6316DA625F}"
EndProject
Project("{8BC9CEB8-8B4A-11D0-8D11-00A0C91BC942}") = "02_Engine", "Engine\Engine.vcxproj", "{66E8BECE-380A-4427-B281-BBC56DBD979B}"
EndProject
Project("{8BC9CEB8-8B4A-11D0-8D11-00A0C91BC942}") = "Singleton", "Singleton\Singleton.vcxproj", "{AE02BA68-8C01-471C-B2E2-F0CEFF422CA6}"
EndProject
Project("{8BC9CEB8-8B4A-11D0-8D11-00A0C91BC942}") = "MakeString", "MakeString\MakeString.vcxproj", "{71B39CFA-7B3D-461C-AE43-A1EDCD9D2127}"
EndProject
Project("{8BC9CEB8-8B4A-11D0-8D11-00A0C91BC942}") = "va_args", "va_args\va_args.vcxproj", "{5CAD6830-1BD0-438A-88F2-02FC8C2CFA1D}"
EndProject
Global
	GlobalSection(SolutionConfigurationPlatforms) = preSolution
		Debug|x64 = Debug|x64
		Debug|x86 = Debug|x86
		Release|x64 = Release|x64
		Release|x86 = Release|x86
	EndGlobalSection
	GlobalSection(ProjectConfigurationPlatforms) = postSolution
		{19349654-4425-4453-8FEF-AAF264D16E98}.Debug|x64.ActiveCfg = Debug|x64
		{19349654-4425-4453-8FEF-AAF264D16E98}.Debug|x64.Build.0 = Debug|x64
		{19349654-4425-4453-8FEF-AAF264D16E98}.Debug|x86.ActiveCfg = Debug|Win32
		{19349654-4425-4453-8FEF-AAF264D16E98}.Debug|x86.Build.0 = Debug|Win32
		{19349654-4425-4453-8FEF-AAF264D16E98}.Release|x64.ActiveCfg = Release|x64
		{19349654-4425-4453-8FEF-AAF264D16E98}.Release|x64.Build.0 = Release|x64
		{19349654-4425-4453-8FEF-AAF264D16E98}.Release|x86.ActiveCfg = Release|Win32
		{19349654-4425-4453-8FEF-AAF264D16E98}.Release|x86.Build.0 = Release|Win32
		{8137E3FB-9608-4582-B394-58A31383E9E6}.Debug|x64.ActiveCfg = Debug|x64
		{8137E3FB-9608-4582-B394-58A31383E9E6}.Debug|x64.Build.0 = Debug|x64
		{8137E3FB-9608-4582-B394-58A31383E9E6}.Debug|x86.ActiveCfg = Debug|Win32
		{8137E3FB-9608-4582-B394-58A31383E9E6}.Debug|x86.Build.0 = Debug|Win32
		{8137E3FB-9608-4582-B394-58A31383E9E6}.Release|x64.ActiveCfg = Release|x64
		{8137E3FB-9608-4582-B394-58A31383E9E6}.Release|x64.Build.0 = Release|x64
		{8137E3FB-9608-4582-B394-58A31383E9E6}.Release|x86.ActiveCfg = Release|Win32
		{8137E3FB-9608-4582-B394-58A31383E9E6}.Release|x86.Build.0 = Release|Win32
		{248DEE51-F682-4C44-AE99-FE961557C03B}.Debug|x64.ActiveCfg = Debug|x64
		{248DEE51-F682-4C44-AE99-FE961557C03B}.Debug|x64.Build.0 = Debug|x64
		{248DEE51-F682-4C44-AE99-FE961557C03B}.Debug|x86.ActiveCfg = Debug|Win32
		{248DEE51-F682-4C44-AE99-FE961557C03B}.Debug|x86.Build.0 = Debug|Win32
		{248DEE51-F682-4C44-AE99-FE961557C03B}.Release|x64.ActiveCfg = Release|x64
		{248DEE51-F682-4C44-AE99-FE961557C03B}.Release|x64.Build.0 = Release|x64
		{248DEE51-F682-4C44-AE99-FE961557C03B}.Release|x86.ActiveCfg = Release|Win32
		{248DEE51-F682-4C44-AE99-FE961557C03B}.Release|x86.Build.0 = Release|Win32
		{86643BB5-EAD7-4394-8CED-359CC60EB670}.Debug|x64.ActiveCfg = Debug|x64
		{86643BB5-EAD7-4394-8CED-359CC60EB670}.Debug|x64.Build.0 = Debug|x64
		{86643BB5-EAD7-4394-8CED-359CC60EB670}.Debug|x86.ActiveCfg = Debug|Win32
		{86643BB5-EAD7-4394-8CED-359CC60EB670}.Debug|x86.Build.0 = Debug|Win32
		{86643BB5-EAD7-4394-8CED-359CC60EB670}.Release|x64.ActiveCfg = Release|x64
		{86643BB5-EAD7-4394-8CED-359CC60EB670}.Release|x64.Build.0 = Release|x64
		{86643BB5-EAD7-4394-8CED-359CC60EB670}.Release|x86.ActiveCfg = Release|Win32
		{86643BB5-EAD7-4394-8CED-359CC60EB670}.Release|x86.Build.0 = Release|Win32
		{2728DB87-0583-49A2-859A-4FF50C89A1A4}.Debug|x64.ActiveCfg = Debug|x64
		{2728DB87-0583-49A2-859A-4FF50C89A1A4}.Debug|x64.Build.0 = Debug|x64
		{2728DB87-0583-49A2-859A-4FF50C89A1A4}.Debug|x86.ActiveCfg = Debug|Win32
		{2728DB87-0583-49A2-859A-4FF50C89A1A4}.Debug|x86.Build.0 = Debug|Win32
		{2728DB87-0583-49A2-859A-4FF50C89A1A4}.Release|x64.ActiveCfg = Release|x64
		{2728DB87-0583-49A2-859A-4FF50C89A1A4}.Release|x64.Build.0 = Release|x64
		{2728DB87-0583-49A2-859A-4FF50C89A1A4}.Release|x86.ActiveCfg = Release|Win32
		{2728DB87-0583-49A2-859A-4FF50C89A1A4}.Release|x86.Build.0 = Release|Win32
		{C0FEAB29-FDB5-4BB9-AD36-76CEAD0931F3}.Debug|x64.ActiveCfg = Debug|x64
		{C0FEAB29-FDB5-4BB9-AD36-76CEAD0931F3}.Debug|x64.Build.0 = Debug|x64
		{C0FEAB29-FDB5-4BB9-AD36-76CEAD0931F3}.Debug|x86.ActiveCfg = Debug|Win32
		{C0FEAB29-FDB5-4BB9-AD36-76CEAD0931F3}.Debug|x86.Build.0 = Debug|Win32
		{C0FEAB29-FDB5-4BB9-AD36-76CEAD0931F3}.Release|x64.ActiveCfg = Release|x64
		{C0FEAB29-FDB5-4BB9-AD36-76CEAD0931F3}.Release|x64.Build.0 = Release|x64
		{C0FEAB29-FDB5-4BB9-AD36-76CEAD0931F3}.Release|x86.ActiveCfg = Release|Win32
		{C0FEAB29-FDB5-4BB9-AD36-76CEAD0931F3}.Release|x86.Build.0 = Release|Win32
		{EFC5669F-211E-4673-9831-E7FC39CE5FE1}.Debug|x64.ActiveCfg = Debug|x64
		{EFC5669F-211E-4673-9831-E7FC39CE5FE1}.Debug|x64.Build.0 = Debug|x64
		{EFC5669F-211E-4673-9831-E7FC39CE5FE1}.Debug|x86.ActiveCfg = Debug|Win32
		{EFC5669F-211E-4673-9831-E7FC39CE5FE1}.Debug|x86.Build.0 = Debug|Win32
		{EFC5669F-211E-4673-9831-E7FC39CE5FE1}.Release|x64.ActiveCfg = Release|x64
		{EFC5669F-211E-4673-9831-E7FC39CE5FE1}.Release|x64.Build.0 = Release|x64
		{EFC5669F-211E-4673-9831-E7FC39CE5FE1}.Release|x86.ActiveCfg = Release|Win32
		{EFC5669F-211E-4673-9831-E7FC39CE5FE1}.Release|x86.Build.0 = Release|Win32
		{2AE2748E-3AE1-434E-8848-66337785165B}.Debug|x64.ActiveCfg = Debug|x64
		{2AE2748E-3AE1-434E-8848-66337785165B}.Debug|x64.Build.0 = Debug|x64
		{2AE2748E-3AE1-434E-8848-66337785165B}.Debug|x86.ActiveCfg = Debug|Win32
		{2AE2748E-3AE1-434E-8848-66337785165B}.Debug|x86.Build.0 = Debug|Win32
		{2AE2748E-3AE1-434E-8848-66337785165B}.Release|x64.ActiveCfg = Release|x64
		{2AE2748E-3AE1-434E-8848-66337785165B}.Release|x64.Build.0 = Release|x64
		{2AE2748E-3AE1-434E-8848-66337785165B}.Release|x86.ActiveCfg = Release|Win32
		{2AE2748E-3AE1-434E-8848-66337785165B}.Release|x86.Build.0 = Release|Win32
		{C5F6ED9D-402C-4908-9E02-4B54D948ACA2}.Debug|x64.ActiveCfg = Debug|x64
		{C5F6ED9D-402C-4908-9E02-4B54D948ACA2}.Debug|x64.Build.0 = Debug|x64
		{C5F6ED9D-402C-4908-9E02-4B54D948ACA2}.Debug|x86.ActiveCfg = Debug|Win32
		{C5F6ED9D-402C-4908-9E02-4B54D948ACA2}.Debug|x86.Build.0 = Debug|Win32
		{C5F6ED9D-402C-4908-9E02-4B54D948ACA2}.Release|x64.ActiveCfg = Release|x64
		{C5F6ED9D-402C-4908-9E02-4B54D948ACA2}.Release|x64.Build.0 = Release|x64
		{C5F6ED9D-402C-4908-9E02-4B54D948ACA2}.Release|x86.ActiveCfg = Release|Win32
		{C5F6ED9D-402C-4908-9E02-4B54D948ACA2}.Release|x86.Build.0 = Release|Win32
		{F3707A57-C0C9-4F64-A55F-724C3B87F411}.Debug|x64.ActiveCfg = Debug|x64
		{F3707A57-C0C9-4F64-A55F-724C3B87F411}.Debug|x64.Build.0 = Debug|x64
		{F3707A57-C0C9-4F64-A55F-724C3B87F411}.Debug|x86.ActiveCfg = Debug|Win32
		{F3707A57-C0C9-4F64-A55F-724C3B87F411}.Debug|x86.Build.0 = Debug|Win32
		{F3707A57-C0C9-4F64-A55F-724C3B87F411}.Release|x64.ActiveCfg = Release|x64
		{F3707A57-C0C9-4F64-A55F-724C3B87F411}.Release|x64.Build.0 = Release|x64
		{F3707A57-C0C9-4F64-A55F-724C3B87F411}.Release|x86.ActiveCfg = Release|Win32
		{F3707A57-C0C9-4F64-A55F-724C3B87F411}.Release|x86.Build.0 = Release|Win32
		{552F8518-38C3-43F7-8377-22A241A05E4A}.Debug|x64.ActiveCfg = Debug|x64
		{552F8518-38C3-43F7-8377-22A241A05E4A}.Debug|x64.Build.0 = Debug|x64
		{552F8518-38C3-43F7-8377-22A241A05E4A}.Debug|x86.ActiveCfg = Debug|Win32
		{552F8518-38C3-43F7-8377-22A241A05E4A}.Debug|x86.Build.0 = Debug|Win32
		{552F8518-38C3-43F7-8377-22A241A05E4A}.Release|x64.ActiveCfg = Release|x64
		{552F8518-38C3-43F7-8377-22A241A05E4A}.Release|x64.Build.0 = Release|x64
		{552F8518-38C3-43F7-8377-22A241A05E4A}.Release|x86.ActiveCfg = Release|Win32
		{552F8518-38C3-43F7-8377-22A241A05E4A}.Release|x86.Build.0 = Release|Win32
		{1F34B5C8-E096-40AF-A2DF-B0758AFA6B31}.Debug|x64.ActiveCfg = Debug|x64
		{1F34B5C8-E096-40AF-A2DF-B0758AFA6B31}.Debug|x64.Build.0 = Debug|x64
		{1F34B5C8-E096-40AF-A2DF-B0758AFA6B31}.Debug|x86.ActiveCfg = Debug|Win32
		{1F34B5C8-E096-40AF-A2DF-B0758AFA6B31}.Debug|x86.Build.0 = Debug|Win32
		{1F34B5C8-E096-40AF-A2DF-B0758AFA6B31}.Release|x64.ActiveCfg = Release|x64
		{1F34B5C8-E096-40AF-A2DF-B0758AFA6B31}.Release|x64.Build.0 = Release|x64
		{1F34B5C8-E096-40AF-A2DF-B0758AFA6B31}.Release|x86.ActiveCfg = Release|Win32
		{1F34B5C8-E096-40AF-A2DF-B0758AFA6B31}.Release|x86.Build.0 = Release|Win32
		{39E11A62-CCFE-45A7-8B54-38E9F8C2439B}.Debug|x64.ActiveCfg = Debug|x64
		{39E11A62-CCFE-45A7-8B54-38E9F8C2439B}.Debug|x64.Build.0 = Debug|x64
		{39E11A62-CCFE-45A7-8B54-38E9F8C2439B}.Debug|x86.ActiveCfg = Debug|Win32
		{39E11A62-CCFE-45A7-8B54-38E9F8C2439B}.Debug|x86.Build.0 = Debug|Win32
		{39E11A62-CCFE-45A7-8B54-38E9F8C2439B}.Release|x64.ActiveCfg = Release|x64
		{39E11A62-CCFE-45A7-8B54-38E9F8C2439B}.Release|x64.Build.0 = Release|x64
		{39E11A62-CCFE-45A7-8B54-38E9F8C2439B}.Release|x86.ActiveCfg = Release|Win32
		{39E11A62-CCFE-45A7-8B54-38E9F8C2439B}.Release|x86.Build.0 = Release|Win32
		{6DF27EB0-D822-44E1-81B9-57AE6079FCF2}.Debug|x64.ActiveCfg = Debug|x64
		{6DF27EB0-D822-44E1-81B9-57AE6079FCF2}.Debug|x64.Build.0 = Debug|x64
		{6DF27EB0-D822-44E1-81B9-57AE6079FCF2}.Debug|x86.ActiveCfg = Debug|Win32
		{6DF27EB0-D822-44E1-81B9-57AE6079FCF2}.Debug|x86.Build.0 = Debug|Win32
		{6DF27EB0-D822-44E1-81B9-57AE6079FCF2}.Release|x64.ActiveCfg = Release|x64
		{6DF27EB0-D822-44E1-81B9-57AE6079FCF2}.Release|x64.Build.0 = Release|x64
		{6DF27EB0-D822-44E1-81B9-57AE6079FCF2}.Release|x86.ActiveCfg = Release|Win32
		{6DF27EB0-D822-44E1-81B9-57AE6079FCF2}.Release|x86.Build.0 = Release|Win32
		{87CC3D2C-94B7-4BE0-8BF6-8ABCC2698FE1}.Debug|x64.ActiveCfg = Debug|x64
		{87CC3D2C-94B7-4BE0-8BF6-8ABCC2698FE1}.Debug|x64.Build.0 = Debug|x64
		{87CC3D2C-94B7-4BE0-8BF6-8ABCC2698FE1}.Debug|x86.ActiveCfg = Debug|Win32
		{87CC3D2C-94B7-4BE0-8BF6-8ABCC2698FE1}.Debug|x86.Build.0 = Debug|Win32
		{87CC3D2C-94B7-4BE0-8BF6-8ABCC2698FE1}.Release|x64.ActiveCfg = Release|x64
		{87CC3D2C-94B7-4BE0-8BF6-8ABCC2698FE1}.Release|x64.Build.0 = Release|x64
		{87CC3D2C-94B7-4BE0-8BF6-8ABCC2698FE1}.Release|x86.ActiveCfg = Release|Win32
		{87CC3D2C-94B7-4BE0-8BF6-8ABCC2698FE1}.Release|x86.Build.0 = Release|Win32
		{B2FFFA00-1C96-40C2-ACB0-C74FAA062B29}.Debug|x64.ActiveCfg = Debug|x64
		{B2FFFA00-1C96-40C2-ACB0-C74FAA062B29}.Debug|x64.Build.0 = Debug|x64
		{B2FFFA00-1C96-40C2-ACB0-C74FAA062B29}.Debug|x86.ActiveCfg = Debug|Win32
		{B2FFFA00-1C96-40C2-ACB0-C74FAA062B29}.Debug|x86.Build.0 = Debug|Win32
		{B2FFFA00-1C96-40C2-ACB0-C74FAA062B29}.Release|x64.ActiveCfg = Release|x64
		{B2FFFA00-1C96-40C2-ACB0-C74FAA062B29}.Release|x64.Build.0 = Release|x64
		{B2FFFA00-1C96-40C2-ACB0-C74FAA062B29}.Release|x86.ActiveCfg = Release|Win32
		{B2FFFA00-1C96-40C2-ACB0-C74FAA062B29}.Release|x86.Build.0 = Release|Win32
		{E83AFD3A-1F81-4E53-BFFB-10F1B0E9F05F}.Debug|x64.ActiveCfg = Debug|x64
		{E83AFD3A-1F81-4E53-BFFB-10F1B0E9F05F}.Debug|x64.Build.0 = Debug|x64
		{E83AFD3A-1F81-4E53-BFFB-10F1B0E9F05F}.Debug|x86.ActiveCfg = Debug|Win32
		{E83AFD3A-1F81-4E53-BFFB-10F1B0E9F05F}.Debug|x86.Build.0 = Debug|Win32
		{E83AFD3A-1F81-4E53-BFFB-10F1B0E9F05F}.Release|x64.ActiveCfg = Release|x64
		{E83AFD3A-1F81-4E53-BFFB-10F1B0E9F05F}.Release|x64.Build.0 = Release|x64
		{E83AFD3A-1F81-4E53-BFFB-10F1B0E9F05F}.Release|x86.ActiveCfg = Release|Win32
		{E83AFD3A-1F81-4E53-BFFB-10F1B0E9F05F}.Release|x86.Build.0 = Release|Win32
		{5113D7AF-195C-4AF5-BA15-4E528AFE6475}.Debug|x64.ActiveCfg = Debug|x64
		{5113D7AF-195C-4AF5-BA15-4E528AFE6475}.Debug|x64.Build.0 = Debug|x64
		{5113D7AF-195C-4AF5-BA15-4E528AFE6475}.Debug|x86.ActiveCfg = Debug|Win32
		{5113D7AF-195C-4AF5-BA15-4E528AFE6475}.Debug|x86.Build.0 = Debug|Win32
		{5113D7AF-195C-4AF5-BA15-4E528AFE6475}.Release|x64.ActiveCfg = Release|x64
		{5113D7AF-195C-4AF5-BA15-4E528AFE6475}.Release|x64.Build.0 = Release|x64
		{5113D7AF-195C-4AF5-BA15-4E528AFE6475}.Release|x86.ActiveCfg = Release|Win32
		{5113D7AF-195C-4AF5-BA15-4E528AFE6475}.Release|x86.Build.0 = Release|Win32
		{9B551C83-F541-4B91-BA6C-FC6316DA625F}.Debug|x64.ActiveCfg = Debug|x64
		{9B551C83-F541-4B91-BA6C-FC6316DA625F}.Debug|x64.Build.0 = Debug|x64
		{9B551C83-F541-4B91-BA6C-FC6316DA625F}.Debug|x86.ActiveCfg = Debug|Win32
		{9B551C83-F541-4B91-BA6C-FC6316DA625F}.Debug|x86.Build.0 = Debug|Win32
		{9B551C83-F541-4B91-BA6C-FC6316DA625F}.Release|x64.ActiveCfg = Release|x64
		{9B551C83-F541-4B91-BA6C-FC6316DA625F}.Release|x64.Build.0 = Release|x64
		{9B551C83-F541-4B91-BA6C-FC6316DA625F}.Release|x86.ActiveCfg = Release|Win32
		{9B551C83-F541-4B91-BA6C-FC6316DA625F}.Release|x86.Build.0 = Release|Win32
		{66E8BECE-380A-4427-B281-BBC56DBD979B}.Debug|x64.ActiveCfg = Debug|x64
		{66E8BECE-380A-4427-B281-BBC56DBD979B}.Debug|x64.Build.0 = Debug|x64
		{66E8BECE-380A-4427-B281-BBC56DBD979B}.Debug|x86.ActiveCfg = Debug|Win32
		{66E8BECE-380A-4427-B281-BBC56DBD979B}.Debug|x86.Build.0 = Debug|Win32
		{66E8BECE-380A-4427-B281-BBC56DBD979B}.Release|x64.ActiveCfg = Release|x64
		{66E8BECE-380A-4427-B281-BBC56DBD979B}.Release|x64.Build.0 = Release|x64
		{66E8BECE-380A-4427-B281-BBC56DBD979B}.Release|x86.ActiveCfg = Release|Win32
		{66E8BECE-380A-4427-B281-BBC56DBD979B}.Release|x86.Build.0 = Release|Win32
		{AE02BA68-8C01-471C-B2E2-F0CEFF422CA6}.Debug|x64.ActiveCfg = Debug|x64
		{AE02BA68-8C01-471C-B2E2-F0CEFF422CA6}.Debug|x64.Build.0 = Debug|x64
		{AE02BA68-8C01-471C-B2E2-F0CEFF422CA6}.Debug|x86.ActiveCfg = Debug|Win32
		{AE02BA68-8C01-471C-B2E2-F0CEFF422CA6}.Debug|x86.Build.0 = Debug|Win32
		{AE02BA68-8C01-471C-B2E2-F0CEFF422CA6}.Release|x64.ActiveCfg = Release|x64
		{AE02BA68-8C01-471C-B2E2-F0CEFF422CA6}.Release|x64.Build.0 = Release|x64
		{AE02BA68-8C01-471C-B2E2-F0CEFF422CA6}.Release|x86.ActiveCfg = Release|Win32
		{AE02BA68-8C01-471C-B2E2-F0CEFF422CA6}.Release|x86.Build.0 = Release|Win32
		{71B39CFA-7B3D-461C-AE43-A1EDCD9D2127}.Debug|x64.ActiveCfg = Debug|x64
		{71B39CFA-7B3D-461C-AE43-A1EDCD9D2127}.Debug|x64.Build.0 = Debug|x64
		{71B39CFA-7B3D-461C-AE43-A1EDCD9D2127}.Debug|x86.ActiveCfg = Debug|Win32
		{71B39CFA-7B3D-461C-AE43-A1EDCD9D2127}.Debug|x86.Build.0 = Debug|Win32
		{71B39CFA-7B3D-461C-AE43-A1EDCD9D2127}.Release|x64.ActiveCfg = Release|x64
		{71B39CFA-7B3D-461C-AE43-A1EDCD9D2127}.Release|x64.Build.0 = Release|x64
		{71B39CFA-7B3D-461C-AE43-A1EDCD9D2127}.Release|x86.ActiveCfg = Release|Win32
		{71B39CFA-7B3D-461C-AE43-A1EDCD9D2127}.Release|x86.Build.0 = Release|Win32
		{5CAD6830-1BD0-438A-88F2-02FC8C2CFA1D}.Debug|x64.ActiveCfg = Debug|x64
		{5CAD6830-1BD0-438A-88F2-02FC8C2CFA1D}.Debug|x64.Build.0 = Debug|x64
		{5CAD6830-1BD0-438A-88F2-02FC8C2CFA1D}.Debug|x86.ActiveCfg = Debug|Win32
		{5CAD6830-1BD0-438A-88F2-02FC8C2CFA1D}.Debug|x86.Build.0 = Debug|Win32
		{5CAD6830-1BD0-438A-88F2-02FC8C2CFA1D}.Release|x64.ActiveCfg = Release|x64
		{5CAD6830-1BD0-438A-88F2-02FC8C2CFA1D}.Release|x64.Build.0 = Release|x64
		{5CAD6830-1BD0-438A-88F2-02FC8C2CFA1D}.Release|x86.ActiveCfg = Release|Win32
		{5CAD6830-1BD0-438A-88F2-02FC8C2CFA1D}.Release|x86.Build.0 = Release|Win32
	EndGlobalSection
	GlobalSection(SolutionProperties) = preSolution
		HideSolutionNode = FALSE
	EndGlobalSection
	GlobalSection(NestedProjects) = preSolution
		{19349654-4425-4453-8FEF-AAF264D16E98} = {D2AFFDF0-17DA-4062-9808-8F80F7AC13BA}
		{8137E3FB-9608-4582-B394-58A31383E9E6} = {D2AFFDF0-17DA-4062-9808-8F80F7AC13BA}
		{248DEE51-F682-4C44-AE99-FE961557C03B} = {D2AFFDF0-17DA-4062-9808-8F80F7AC13BA}
		{86643BB5-EAD7-4394-8CED-359CC60EB670} = {DA50EA06-4D19-4524-8879-ED5585620186}
		{2728DB87-0583-49A2-859A-4FF50C89A1A4} = {D2AFFDF0-17DA-4062-9808-8F80F7AC13BA}
		{C0FEAB29-FDB5-4BB9-AD36-76CEAD0931F3} = {DA50EA06-4D19-4524-8879-ED5585620186}
		{EFC5669F-211E-4673-9831-E7FC39CE5FE1} = {E036D1E8-DA24-4DA1-A324-F4D3CBB72B7C}
		{2AE2748E-3AE1-434E-8848-66337785165B} = {E036D1E8-DA24-4DA1-A324-F4D3CBB72B7C}
		{C5F6ED9D-402C-4908-9E02-4B54D948ACA2} = {E036D1E8-DA24-4DA1-A324-F4D3CBB72B7C}
		{F3707A57-C0C9-4F64-A55F-724C3B87F411} = {DA50EA06-4D19-4524-8879-ED5585620186}
		{552F8518-38C3-43F7-8377-22A241A05E4A} = {DA50EA06-4D19-4524-8879-ED5585620186}
		{1F34B5C8-E096-40AF-A2DF-B0758AFA6B31} = {DA50EA06-4D19-4524-8879-ED5585620186}
		{39E11A62-CCFE-45A7-8B54-38E9F8C2439B} = {6E882DCE-780F-4E99-8E06-3CA9B20F9889}
		{6DF27EB0-D822-44E1-81B9-57AE6079FCF2} = {DA50EA06-4D19-4524-8879-ED5585620186}
		{87CC3D2C-94B7-4BE0-8BF6-8ABCC2698FE1} = {0D291B0B-4204-4E11-BA23-2B37A528C28E}
		{B2FFFA00-1C96-40C2-ACB0-C74FAA062B29} = {DA50EA06-4D19-4524-8879-ED5585620186}
		{E83AFD3A-1F81-4E53-BFFB-10F1B0E9F05F} = {2D86BA7F-7E79-4107-9821-8A97D39D5A95}
		{5113D7AF-195C-4AF5-BA15-4E528AFE6475} = {2D86BA7F-7E79-4107-9821-8A97D39D5A95}
		{9B551C83-F541-4B91-BA6C-FC6316DA625F} = {DA50EA06-4D19-4524-8879-ED5585620186}
		{66E8BECE-380A-4427-B281-BBC56DBD979B} = {2D86BA7F-7E79-4107-9821-8A97D39D5A95}
		{AE02BA68-8C01-471C-B2E2-F0CEFF422CA6} = {DA50EA06-4D19-4524-8879-ED5585620186}
		{71B39CFA-7B3D-461C-AE43-A1EDCD9D2127} = {DA50EA06-4D19-4524-8879-ED5585620186}
		{5CAD6830-1BD0-438A-88F2-02FC8C2CFA1D} = {DA50EA06-4D19-4524-8879-ED5585620186}
	EndGlobalSection
	GlobalSection(ExtensibilityGlobals) = postSolution
		SolutionGuid = {7F34EC23-1839-41D6-A411-2FBF060B3EE8}
	EndGlobalSection
EndGlobal
